
Microsoft Visual Studio Solution File, Format Version 12.00
# Visual Studio Version 17
VisualStudioVersion = 17.0.31903.59
MinimumVisualStudioVersion = 10.0.40219.1
Project("{FAE04EC0-301F-11D3-BF4B-00C04F79EFBC}") = "src/rpgAPI", "src/rpgAPI.csproj", "{79DF761D-A06B-4C8C-B40E-FAB56C04B2D0}"
EndProject
Project("{2150E333-8FDC-42A3-9474-1A3956D46DE8}") = "tests", "tests", "{1A7B69E0-FC0E-4957-B4C1-1F9447C050F2}"
EndProject
Project("{FAE04EC0-301F-11D3-BF4B-00C04F79EFBC}") = "rpgAPITest", "tests\rpgAPITest\rpgAPITest.csproj", "{BE63881C-0C9E-48A9-B16E-0CDEE01EF329}"
EndProject
Global
	GlobalSection(SolutionConfigurationPlatforms) = preSolution
		Debug|Any CPU = Debug|Any CPU
		Release|Any CPU = Release|Any CPU
	EndGlobalSection
	GlobalSection(SolutionProperties) = preSolution
		HideSolutionNode = FALSE
	EndGlobalSection
	GlobalSection(ProjectConfigurationPlatforms) = postSolution
		{79DF761D-A06B-4C8C-B40E-FAB56C04B2D0}.Debug|Any CPU.ActiveCfg = Debug|Any CPU
		{79DF761D-A06B-4C8C-B40E-FAB56C04B2D0}.Debug|Any CPU.Build.0 = Debug|Any CPU
		{79DF761D-A06B-4C8C-B40E-FAB56C04B2D0}.Release|Any CPU.ActiveCfg = Release|Any CPU
		{79DF761D-A06B-4C8C-B40E-FAB56C04B2D0}.Release|Any CPU.Build.0 = Release|Any CPU
		{BE63881C-0C9E-48A9-B16E-0CDEE01EF329}.Debug|Any CPU.ActiveCfg = Debug|Any CPU
		{BE63881C-0C9E-48A9-B16E-0CDEE01EF329}.Debug|Any CPU.Build.0 = Debug|Any CPU
		{BE63881C-0C9E-48A9-B16E-0CDEE01EF329}.Release|Any CPU.ActiveCfg = Release|Any CPU
		{BE63881C-0C9E-48A9-B16E-0CDEE01EF329}.Release|Any CPU.Build.0 = Release|Any CPU
	EndGlobalSection
	GlobalSection(NestedProjects) = preSolution
		{BE63881C-0C9E-48A9-B16E-0CDEE01EF329} = {1A7B69E0-FC0E-4957-B4C1-1F9447C050F2}
	EndGlobalSection
EndGlobal
